// !$*UTF8*$!
{
	archiveVersion = 1;
	classes = {
	};
	objectVersion = 46;
	objects = {

/* Begin PBXBuildFile section */
		5288371C1B73AF4D00BB0567 /* main.m in Sources */ = {isa = PBXBuildFile; fileRef = 5288371B1B73AF4D00BB0567 /* main.m */; };
		5288371F1B73AF4D00BB0567 /* AppDelegate.m in Sources */ = {isa = PBXBuildFile; fileRef = 5288371E1B73AF4D00BB0567 /* AppDelegate.m */; };
		528837221B73AF4D00BB0567 /* ViewController.m in Sources */ = {isa = PBXBuildFile; fileRef = 528837211B73AF4D00BB0567 /* ViewController.m */; };
		528837251B73AF4D00BB0567 /* Main.storyboard in Resources */ = {isa = PBXBuildFile; fileRef = 528837231B73AF4D00BB0567 /* Main.storyboard */; };
		528837271B73AF4D00BB0567 /* Images.xcassets in Resources */ = {isa = PBXBuildFile; fileRef = 528837261B73AF4D00BB0567 /* Images.xcassets */; };
		5288372A1B73AF4D00BB0567 /* LaunchScreen.xib in Resources */ = {isa = PBXBuildFile; fileRef = 528837281B73AF4D00BB0567 /* LaunchScreen.xib */; };
		528837361B73AF4D00BB0567 /* UIButtonTests.m in Sources */ = {isa = PBXBuildFile; fileRef = 528837351B73AF4D00BB0567 /* UIButtonTests.m */; };
		528837401B73BD9C00BB0567 /* button1.png in Resources */ = {isa = PBXBuildFile; fileRef = 5288373F1B73BD9C00BB0567 /* button1.png */; };
/* End PBXBuildFile section */

/* Begin PBXContainerItemProxy section */
		528837301B73AF4D00BB0567 /* PBXContainerItemProxy */ = {
			isa = PBXContainerItemProxy;
			containerPortal = 5288370E1B73AF4D00BB0567 /* Project object */;
			proxyType = 1;
			remoteGlobalIDString = 528837151B73AF4D00BB0567;
			remoteInfo = UIButton;
		};
/* End PBXContainerItemProxy section */

/* Begin PBXFileReference section */
		528837161B73AF4D00BB0567 /* UIButton.app */ = {isa = PBXFileReference; explicitFileType = wrapper.application; includeInIndex = 0; path = UIButton.app; sourceTree = BUILT_PRODUCTS_DIR; };
		5288371A1B73AF4D00BB0567 /* Info.plist */ = {isa = PBXFileReference; lastKnownFileType = text.plist.xml; path = Info.plist; sourceTree = "<group>"; };
		5288371B1B73AF4D00BB0567 /* main.m */ = {isa = PBXFileReference; lastKnownFileType = sourcecode.c.objc; path = main.m; sourceTree = "<group>"; };
		5288371D1B73AF4D00BB0567 /* AppDelegate.h */ = {isa = PBXFileReference; lastKnownFileType = sourcecode.c.h; path = AppDelegate.h; sourceTree = "<group>"; };
		5288371E1B73AF4D00BB0567 /* AppDelegate.m */ = {isa = PBXFileReference; lastKnownFileType = sourcecode.c.objc; path = AppDelegate.m; sourceTree = "<group>"; };
		528837201B73AF4D00BB0567 /* ViewController.h */ = {isa = PBXFileReference; lastKnownFileType = sourcecode.c.h; path = ViewController.h; sourceTree = "<group>"; };
		528837211B73AF4D00BB0567 /* ViewController.m */ = {isa = PBXFileReference; lastKnownFileType = sourcecode.c.objc; path = ViewController.m; sourceTree = "<group>"; };
		528837241B73AF4D00BB0567 /* Base */ = {isa = PBXFileReference; lastKnownFileType = file.storyboard; name = Base; path = Base.lproj/Main.storyboard; sourceTree = "<group>"; };
		528837261B73AF4D00BB0567 /* Images.xcassets */ = {isa = PBXFileReference; lastKnownFileType = folder.assetcatalog; path = Images.xcassets; sourceTree = "<group>"; };
		528837291B73AF4D00BB0567 /* Base */ = {isa = PBXFileReference; lastKnownFileType = file.xib; name = Base; path = Base.lproj/LaunchScreen.xib; sourceTree = "<group>"; };
		5288372F1B73AF4D00BB0567 /* UIButtonTests.xctest */ = {isa = PBXFileReference; explicitFileType = wrapper.cfbundle; includeInIndex = 0; path = UIButtonTests.xctest; sourceTree = BUILT_PRODUCTS_DIR; };
		528837341B73AF4D00BB0567 /* Info.plist */ = {isa = PBXFileReference; lastKnownFileType = text.plist.xml; path = Info.plist; sourceTree = "<group>"; };
		528837351B73AF4D00BB0567 /* UIButtonTests.m */ = {isa = PBXFileReference; lastKnownFileType = sourcecode.c.objc; path = UIButtonTests.m; sourceTree = "<group>"; };
		5288373F1B73BD9C00BB0567 /* button1.png */ = {isa = PBXFileReference; lastKnownFileType = image.png; path = button1.png; sourceTree = "<group>"; };
/* End PBXFileReference section */

/* Begin PBXFrameworksBuildPhase section */
		528837131B73AF4D00BB0567 /* Frameworks */ = {
			isa = PBXFrameworksBuildPhase;
			buildActionMask = 2147483647;
			files = (
			);
			runOnlyForDeploymentPostprocessing = 0;
		};
		5288372C1B73AF4D00BB0567 /* Frameworks */ = {
			isa = PBXFrameworksBuildPhase;
			buildActionMask = 2147483647;
			files = (
			);
			runOnlyForDeploymentPostprocessing = 0;
		};
/* End PBXFrameworksBuildPhase section */

/* Begin PBXGroup section */
		5288370D1B73AF4D00BB0567 = {
			isa = PBXGroup;
			children = (
				528837181B73AF4D00BB0567 /* UIButton */,
				528837321B73AF4D00BB0567 /* UIButtonTests */,
				528837171B73AF4D00BB0567 /* Products */,
			);
			sourceTree = "<group>";
		};
		528837171B73AF4D00BB0567 /* Products */ = {
			isa = PBXGroup;
			children = (
				528837161B73AF4D00BB0567 /* UIButton.app */,
				5288372F1B73AF4D00BB0567 /* UIButtonTests.xctest */,
			);
			name = Products;
			sourceTree = "<group>";
		};
		528837181B73AF4D00BB0567 /* UIButton */ = {
			isa = PBXGroup;
			children = (
				5288371D1B73AF4D00BB0567 /* AppDelegate.h */,
				5288371E1B73AF4D00BB0567 /* AppDelegate.m */,
				528837201B73AF4D00BB0567 /* ViewController.h */,
				528837211B73AF4D00BB0567 /* ViewController.m */,
				528837231B73AF4D00BB0567 /* Main.storyboard */,
				528837261B73AF4D00BB0567 /* Images.xcassets */,
				528837281B73AF4D00BB0567 /* LaunchScreen.xib */,
				528837191B73AF4D00BB0567 /* Supporting Files */,
			);
			path = UIButton;
			sourceTree = "<group>";
		};
		528837191B73AF4D00BB0567 /* Supporting Files */ = {
			isa = PBXGroup;
			children = (
				5288373F1B73BD9C00BB0567 /* button1.png */,
				5288371A1B73AF4D00BB0567 /* Info.plist */,
				5288371B1B73AF4D00BB0567 /* main.m */,
			);
			name = "Supporting Files";
			sourceTree = "<group>";
		};
		528837321B73AF4D00BB0567 /* UIButtonTests */ = {
			isa = PBXGroup;
			children = (
				528837351B73AF4D00BB0567 /* UIButtonTests.m */,
				528837331B73AF4D00BB0567 /* Supporting Files */,
			);
			path = UIButtonTests;
			sourceTree = "<group>";
		};
		528837331B73AF4D00BB0567 /* Supporting Files */ = {
			isa = PBXGroup;
			children = (
				528837341B73AF4D00BB0567 /* Info.plist */,
			);
			name = "Supporting Files";
			sourceTree = "<group>";
		};
/* End PBXGroup section */

/* Begin PBXNativeTarget section */
		528837151B73AF4D00BB0567 /* UIButton */ = {
			isa = PBXNativeTarget;
			buildConfigurationList = 528837391B73AF4D00BB0567 /* Build configuration list for PBXNativeTarget "UIButton" */;
			buildPhases = (
				528837121B73AF4D00BB0567 /* Sources */,
				528837131B73AF4D00BB0567 /* Frameworks */,
				528837141B73AF4D00BB0567 /* Resources */,
			);
			buildRules = (
			);
			dependencies = (
			);
			name = UIButton;
			productName = UIButton;
			productReference = 528837161B73AF4D00BB0567 /* UIButton.app */;
			productType = "com.apple.product-type.application";
		};
		5288372E1B73AF4D00BB0567 /* UIButtonTests */ = {
			isa = PBXNativeTarget;
			buildConfigurationList = 5288373C1B73AF4D00BB0567 /* Build configuration list for PBXNativeTarget "UIButtonTests" */;
			buildPhases = (
				5288372B1B73AF4D00BB0567 /* Sources */,
				5288372C1B73AF4D00BB0567 /* Frameworks */,
				5288372D1B73AF4D00BB0567 /* Resources */,
			);
			buildRules = (
			);
			dependencies = (
				528837311B73AF4D00BB0567 /* PBXTargetDependency */,
			);
			name = UIButtonTests;
			productName = UIButtonTests;
			productReference = 5288372F1B73AF4D00BB0567 /* UIButtonTests.xctest */;
			productType = "com.apple.product-type.bundle.unit-test";
		};
/* End PBXNativeTarget section */

/* Begin PBXProject section */
		5288370E1B73AF4D00BB0567 /* Project object */ = {
			isa = PBXProject;
			attributes = {
				LastUpgradeCheck = 0630;
				ORGANIZATIONNAME = sky5156;
				TargetAttributes = {
					528837151B73AF4D00BB0567 = {
						CreatedOnToolsVersion = 6.3.2;
					};
					5288372E1B73AF4D00BB0567 = {
						CreatedOnToolsVersion = 6.3.2;
						TestTargetID = 528837151B73AF4D00BB0567;
					};
				};
			};
			buildConfigurationList = 528837111B73AF4D00BB0567 /* Build configuration list for PBXProject "UIButton" */;
			compatibilityVersion = "Xcode 3.2";
			developmentRegion = English;
			hasScannedForEncodings = 0;
			knownRegions = (
				en,
				Base,
			);
			mainGroup = 5288370D1B73AF4D00BB0567;
			productRefGroup = 528837171B73AF4D00BB0567 /* Products */;
			projectDirPath = "";
			projectRoot = "";
			targets = (
				528837151B73AF4D00BB0567 /* UIButton */,
				5288372E1B73AF4D00BB0567 /* UIButtonTests */,
			);
		};
/* End PBXProject section */

/* Begin PBXResourcesBuildPhase section */
		528837141B73AF4D00BB0567 /* Resources */ = {
			isa = PBXResourcesBuildPhase;
			buildActionMask = 2147483647;
			files = (
				528837251B73AF4D00BB0567 /* Main.storyboard in Resources */,
				528837401B73BD9C00BB0567 /* button1.png in Resources */,
				5288372A1B73AF4D00BB0567 /* LaunchScreen.xib in Resources */,
				528837271B73AF4D00BB0567 /* Images.xcassets in Resources */,
			);
			runOnlyForDeploymentPostprocessing = 0;
		};
		5288372D1B73AF4D00BB0567 /* Resources */ = {
			isa = PBXResourcesBuildPhase;
			buildActionMask = 2147483647;
			files = (
			);
			runOnlyForDeploymentPostprocessing = 0;
		};
/* End PBXResourcesBuildPhase section */

/* Begin PBXSourcesBuildPhase section */
		528837121B73AF4D00BB0567 /* Sources */ = {
			isa = PBXSourcesBuildPhase;
			buildActionMask = 2147483647;
			files = (
				528837221B73AF4D00BB0567 /* ViewController.m in Sources */,
				5288371F1B73AF4D00BB0567 /* AppDelegate.m in Sources */,
				5288371C1B73AF4D00BB0567 /* main.m in Sources */,
			);
			runOnlyForDeploymentPostprocessing = 0;
		};
		5288372B1B73AF4D00BB0567 /* Sources */ = {
			isa = PBXSourcesBuildPhase;
			buildActionMask = 2147483647;
			files = (
				528837361B73AF4D00BB0567 /* UIButtonTests.m in Sources */,
			);
			runOnlyForDeploymentPostprocessing = 0;
		};
/* End PBXSourcesBuildPhase section */

/* Begin PBXTargetDependency section */
		528837311B73AF4D00BB0567 /* PBXTargetDependency */ = {
			isa = PBXTargetDependency;
			target = 528837151B73AF4D00BB0567 /* UIButton */;
			targetProxy = 528837301B73AF4D00BB0567 /* PBXContainerItemProxy */;
		};
/* End PBXTargetDependency section */

/* Begin PBXVariantGroup section */
		528837231B73AF4D00BB0567 /* Main.storyboard */ = {
			isa = PBXVariantGroup;
			children = (
				528837241B73AF4D00BB0567 /* Base */,
			);
			name = Main.storyboard;
			sourceTree = "<group>";
		};
		528837281B73AF4D00BB0567 /* LaunchScreen.xib */ = {
			isa = PBXVariantGroup;
			children = (
				528837291B73AF4D00BB0567 /* Base */,
			);
			name = LaunchScreen.xib;
			sourceTree = "<group>";
		};
/* End PBXVariantGroup section */

/* Begin XCBuildConfiguration section */
		528837371B73AF4D00BB0567 /* Debug */ = {
			isa = XCBuildConfiguration;
			buildSettings = {
				ALWAYS_SEARCH_USER_PATHS = NO;
				CLANG_CXX_LANGUAGE_STANDARD = "gnu++0x";
				CLANG_CXX_LIBRARY = "libc++";
				CLANG_ENABLE_MODULES = YES;
				CLANG_ENABLE_OBJC_ARC = YES;
				CLANG_WARN_BOOL_CONVERSION = YES;
				CLANG_WARN_CONSTANT_CONVERSION = YES;
				CLANG_WARN_DIRECT_OBJC_ISA_USAGE = YES_ERROR;
				CLANG_WARN_EMPTY_BODY = YES;
				CLANG_WARN_ENUM_CONVERSION = YES;
				CLANG_WARN_INT_CONVERSION = YES;
				CLANG_WARN_OBJC_ROOT_CLASS = YES_ERROR;
				CLANG_WARN_UNREACHABLE_CODE = YES;
				CLANG_WARN__DUPLICATE_METHOD_MATCH = YES;
				"CODE_SIGN_IDENTITY[sdk=iphoneos*]" = "iPhone Developer";
				COPY_PHASE_STRIP = NO;
				DEBUG_INFORMATION_FORMAT = "dwarf-with-dsym";
				ENABLE_STRICT_OBJC_MSGSEND = YES;
				GCC_C_LANGUAGE_STANDARD = gnu99;
				GCC_DYNAMIC_NO_PIC = NO;
				GCC_NO_COMMON_BLOCKS = YES;
				GCC_OPTIMIZATION_LEVEL = 0;
				GCC_PREPROCESSOR_DEFINITIONS = (
					"DEBUG=1",
					"$(inherited)",
				);
				GCC_SYMBOLS_PRIVATE_EXTERN = NO;
				GCC_WARN_64_TO_32_BIT_CONVERSION = YES;
				GCC_WARN_ABOUT_RETURN_TYPE = YES_ERROR;
				GCC_WARN_UNDECLARED_SELECTOR = YES;
				GCC_WARN_UNINITIALIZED_AUTOS = YES_AGGRESSIVE;
				GCC_WARN_UNUSED_FUNCTION = YES;
				GCC_WARN_UNUSED_VARIABLE = YES;
				IPHONEOS_DEPLOYMENT_TARGET = 8.3;
				MTL_ENABLE_DEBUG_INFO = YES;
				ONLY_ACTIVE_ARCH = YES;
				SDKROOT = iphoneos;
			};
			name = Debug;
		};
		528837381B73AF4D00BB0567 /* Release */ = {
			isa = XCBuildConfiguration;
			buildSettings = {
				ALWAYS_SEARCH_USER_PATHS = NO;
				CLANG_CXX_LANGUAGE_STANDARD = "gnu++0x";
				CLANG_CXX_LIBRARY = "libc++";
				CLANG_ENABLE_MODULES = YES;
				CLANG_ENABLE_OBJC_ARC = YES;
				CLANG_WARN_BOOL_CONVERSION = YES;
				CLANG_WARN_CONSTANT_CONVERSION = YES;
				CLANG_WARN_DIRECT_OBJC_ISA_USAGE = YES_ERROR;
				CLANG_WARN_EMPTY_BODY = YES;
				CLANG_WARN_ENUM_CONVERSION = YES;
				CLANG_WARN_INT_CONVERSION = YES;
				CLANG_WARN_OBJC_ROOT_CLASS = YES_ERROR;
				CLANG_WARN_UNREACHABLE_CODE = YES;
				CLANG_WARN__DUPLICATE_METHOD_MATCH = YES;
				"CODE_SIGN_IDENTITY[sdk=iphoneos*]" = "iPhone Developer";
				COPY_PHASE_STRIP = NO;
				DEBUG_INFORMATION_FORMAT = "dwarf-with-dsym";
				ENABLE_NS_ASSERTIONS = NO;
				ENABLE_STRICT_OBJC_MSGSEND = YES;
				GCC_C_LANGUAGE_STANDARD = gnu99;
				GCC_NO_COMMON_BLOCKS = YES;
				GCC_WARN_64_TO_32_BIT_CONVERSION = YES;
				GCC_WARN_ABOUT_RETURN_TYPE = YES_ERROR;
				GCC_WARN_UNDECLARED_SELECTOR = YES;
				GCC_WARN_UNINITIALIZED_AUTOS = YES_AGGRESSIVE;
				GCC_WARN_UNUSED_FUNCTION = YES;
				GCC_WARN_UNUSED_VARIABLE = YES;
				IPHONEOS_DEPLOYMENT_TARGET = 8.3;
				MTL_ENABLE_DEBUG_INFO = NO;
				SDKROOT = iphoneos;
				VALIDATE_PRODUCT = YES;
			};
			name = Release;
		};
		5288373A1B73AF4D00BB0567 /* Debug */ = {
			isa = XCBuildConfiguration;
			buildSettings = {
				ASSETCATALOG_COMPILER_APPICON_NAME = AppIcon;
				INFOPLIST_FILE = UIButton/Info.plist;
				LD_RUNPATH_SEARCH_PATHS = "$(inherited) @executable_path/Frameworks";
				PRODUCT_NAME = "$(TARGET_NAME)";
			};
			name = Debug;
		};
		5288373B1B73AF4D00BB0567 /* Release */ = {
			isa = XCBuildConfiguration;
			buildSettings = {
				ASSETCATALOG_COMPILER_APPICON_NAME = AppIcon;
				INFOPLIST_FILE = UIButton/Info.plist;
				LD_RUNPATH_SEARCH_PATHS = "$(inherited) @executable_path/Frameworks";
				PRODUCT_NAME = "$(TARGET_NAME)";
			};
			name = Release;
		};
		5288373D1B73AF4D00BB0567 /* Debug */ = {
			isa = XCBuildConfiguration;
			buildSettings = {
				BUNDLE_LOADER = "$(TEST_HOST)";
				FRAMEWORK_SEARCH_PATHS = (
					"$(SDKROOT)/Developer/Library/Frameworks",
					"$(inherited)",
				);
				GCC_PREPROCESSOR_DEFINITIONS = (
					"DEBUG=1",
					"$(inherited)",
				);
				INFOPLIST_FILE = UIButtonTests/Info.plist;
				LD_RUNPATH_SEARCH_PATHS = "$(inherited) @executable_path/Frameworks @loader_path/Frameworks";
				PRODUCT_NAME = "$(TARGET_NAME)";
				TEST_HOST = "$(BUILT_PRODUCTS_DIR)/UIButton.app/UIButton";
			};
			name = Debug;
		};
		5288373E1B73AF4D00BB0567 /* Release */ = {
			isa = XCBuildConfiguration;
			buildSettings = {
				BUNDLE_LOADER = "$(TEST_HOST)";
				FRAMEWORK_SEARCH_PATHS = (
					"$(SDKROOT)/Developer/Library/Frameworks",
					"$(inherited)",
				);
				INFOPLIST_FILE = UIButtonTests/Info.plist;
				LD_RUNPATH_SEARCH_PATHS = "$(inherited) @executable_path/Frameworks @loader_path/Frameworks";
				PRODUCT_NAME = "$(TARGET_NAME)";
				TEST_HOST = "$(BUILT_PRODUCTS_DIR)/UIButton.app/UIButton";
			};
			name = Release;
		};
/* End XCBuildConfiguration section */

/* Begin XCConfigurationList section */
		528837111B73AF4D00BB0567 /* Build configuration list for PBXProject "UIButton" */ = {
			isa = XCConfigurationList;
			buildConfigurations = (
				528837371B73AF4D00BB0567 /* Debug */,
				528837381B73AF4D00BB0567 /* Release */,
			);
			defaultConfigurationIsVisible = 0;
			defaultConfigurationName = Release;
		};
		528837391B73AF4D00BB0567 /* Build configuration list for PBXNativeTarget "UIButton" */ = {
			isa = XCConfigurationList;
			buildConfigurations = (
				5288373A1B73AF4D00BB0567 /* Debug */,
				5288373B1B73AF4D00BB0567 /* Release */,
			);
			defaultConfigurationIsVisible = 0;
		};
		5288373C1B73AF4D00BB0567 /* Build configuration list for PBXNativeTarget "UIButtonTests" */ = {
			isa = XCConfigurationList;
			buildConfigurations = (
				5288373D1B73AF4D00BB0567 /* Debug */,
				5288373E1B73AF4D00BB0567 /* Release */,
			);
			defaultConfigurationIsVisible = 0;
		};
/* End XCConfigurationList section */
	};
	rootObject = 5288370E1B73AF4D00BB0567 /* Project object */;
}
